{
  "lockfileVersion": 1,
  "configVersion": 1,
  "workspaces": {
    "": {
      "name": "autonomous-engineer-docs",
      "dependencies": {
        "@anthropic-ai/sdk": "^0.78.0",
        "ajv": "^8.17",
        "citty": "^0.2.1",
        "js-tiktoken": "^1.0.16",
        "typescript": "^5.9.3",
        "zod": "^4.3.6",
      },
      "devDependencies": {
        "@biomejs/biome": "^2.4.6",
        "@types/bun": "latest",
        "dprint": "^0.52.0",
      },
    },
  },
  "packages": {
    "@anthropic-ai/sdk": ["@anthropic-ai/sdk@0.78.0", "", { "dependencies": { "json-schema-to-ts": "^3.1.1" }, "peerDependencies": { "zod": "^3.25.0 || ^4.0.0" }, "optionalPeers": ["zod"], "bin": { "anthropic-ai-sdk": "bin/cli" } }, "sha512-PzQhR715td/m1UaaN5hHXjYB8Gl2lF9UVhrrGrZeysiF6Rb74Wc9GCB8hzLdzmQtBd1qe89F9OptgB9Za1Ib5w=="],

    "@babel/runtime": ["@babel/runtime@7.28.6", "", {}, "sha512-05WQkdpL9COIMz4LjTxGpPNCdlpyimKppYNoJ5Di5EUObifl8t4tuLuUBBZEpoLYOmfvIWrsp9fCl0HoPRVTdA=="],

    "@biomejs/biome": ["@biomejs/biome@2.4.6", "", { "optionalDependencies": { "@biomejs/cli-darwin-arm64": "2.4.6", "@biomejs/cli-darwin-x64": "2.4.6", "@biomejs/cli-linux-arm64": "2.4.6", "@biomejs/cli-linux-arm64-musl": "2.4.6", "@biomejs/cli-linux-x64": "2.4.6", "@biomejs/cli-linux-x64-musl": "2.4.6", "@biomejs/cli-win32-arm64": "2.4.6", "@biomejs/cli-win32-x64": "2.4.6" }, "bin": { "biome": "bin/biome" } }, "sha512-QnHe81PMslpy3mnpL8DnO2M4S4ZnYPkjlGCLWBZT/3R9M6b5daArWMMtEfP52/n174RKnwRIf3oT8+wc9ihSfQ=="],

    "@biomejs/cli-darwin-arm64": ["@biomejs/cli-darwin-arm64@2.4.6", "", { "os": "darwin", "cpu": "arm64" }, "sha512-NW18GSyxr+8sJIqgoGwVp5Zqm4SALH4b4gftIA0n62PTuBs6G2tHlwNAOj0Vq0KKSs7Sf88VjjmHh0O36EnzrQ=="],

    "@biomejs/cli-darwin-x64": ["@biomejs/cli-darwin-x64@2.4.6", "", { "os": "darwin", "cpu": "x64" }, "sha512-4uiE/9tuI7cnjtY9b07RgS7gGyYOAfIAGeVJWEfeCnAarOAS7qVmuRyX6d7JTKw28/mt+rUzMasYeZ+0R/U1Mw=="],

    "@biomejs/cli-linux-arm64": ["@biomejs/cli-linux-arm64@2.4.6", "", { "os": "linux", "cpu": "arm64" }, "sha512-kMLaI7OF5GN1Q8Doymjro1P8rVEoy7BKQALNz6fiR8IC1WKduoNyteBtJlHT7ASIL0Cx2jR6VUOBIbcB1B8pew=="],

    "@biomejs/cli-linux-arm64-musl": ["@biomejs/cli-linux-arm64-musl@2.4.6", "", { "os": "linux", "cpu": "arm64" }, "sha512-F/JdB7eN22txiTqHM5KhIVt0jVkzZwVYrdTR1O3Y4auBOQcXxHK4dxULf4z43QyZI5tsnQJrRBHZy7wwtL+B3A=="],

    "@biomejs/cli-linux-x64": ["@biomejs/cli-linux-x64@2.4.6", "", { "os": "linux", "cpu": "x64" }, "sha512-oHXmUFEoH8Lql1xfc3QkFLiC1hGR7qedv5eKNlC185or+o4/4HiaU7vYODAH3peRCfsuLr1g6v2fK9dFFOYdyw=="],

    "@biomejs/cli-linux-x64-musl": ["@biomejs/cli-linux-x64-musl@2.4.6", "", { "os": "linux", "cpu": "x64" }, "sha512-C9s98IPDu7DYarjlZNuzJKTjVHN03RUnmHV5htvqsx6vEUXCDSJ59DNwjKVD5XYoSS4N+BYhq3RTBAL8X6svEg=="],

    "@biomejs/cli-win32-arm64": ["@biomejs/cli-win32-arm64@2.4.6", "", { "os": "win32", "cpu": "arm64" }, "sha512-xzThn87Pf3YrOGTEODFGONmqXpTwUNxovQb72iaUOdcw8sBSY3+3WD8Hm9IhMYLnPi0n32s3L3NWU6+eSjfqFg=="],

    "@biomejs/cli-win32-x64": ["@biomejs/cli-win32-x64@2.4.6", "", { "os": "win32", "cpu": "x64" }, "sha512-7++XhnsPlr1HDbor5amovPjOH6vsrFOCdp93iKXhFn6bcMUI6soodj3WWKfgEO6JosKU1W5n3uky3WW9RlRjTg=="],

    "@dprint/darwin-arm64": ["@dprint/darwin-arm64@0.52.0", "", { "os": "darwin", "cpu": "arm64" }, "sha512-HHpmHCeFw1V9qUU0pJrz7LihrMgQJ5DOejfI3GRCJOd2ue3Api3/ZrzNSIqUbnx/j0RT5c7zxZR5aTE0RHwRFQ=="],

    "@dprint/darwin-x64": ["@dprint/darwin-x64@0.52.0", "", { "os": "darwin", "cpu": "x64" }, "sha512-ZuoYH/hyzFhwwFUmykkm1QvLk9u7zxpKL6M8r1fY+lINucujIoGZxW1PjRbbIXaST6nDLbQB21P7LyNncAByOg=="],

    "@dprint/linux-arm64-glibc": ["@dprint/linux-arm64-glibc@0.52.0", "", { "os": "linux", "cpu": "arm64" }, "sha512-waghQcB32CLMuCxnVRQktc7U1S2qsL4spUmvCMyu4ufhZqXf4rQn07L1NcSmQOap40q9Db8ZBmLHfHm1Kab6uA=="],

    "@dprint/linux-arm64-musl": ["@dprint/linux-arm64-musl@0.52.0", "", { "os": "linux", "cpu": "arm64" }, "sha512-8ml2DmF8i7eEou1G5nqgMMhRir89Fsd9cMLZRPZN/FSw6Nc3vAhk2MqZIrYk2DGfoWts7jis6XvEu3/TwMP8fw=="],

    "@dprint/linux-loong64-glibc": ["@dprint/linux-loong64-glibc@0.52.0", "", { "os": "linux", "cpu": "none" }, "sha512-tKj7Bwtcf/zNa1onoshYfQ8CaYz0N6BRYKsovop1H1d2dsRBYAKkR/FvTaPRJp1+Sx7Lc0RjRllFezkhLMRxPw=="],

    "@dprint/linux-loong64-musl": ["@dprint/linux-loong64-musl@0.52.0", "", { "os": "linux", "cpu": "none" }, "sha512-8X+ICN/Pc4B+Zog2UXNDJph5uKLf0VVUItYEQbdbwqsWGzPa27Kqri5ainlFzaDs5TFkJHQKQlphg+TLyxBQ7A=="],

    "@dprint/linux-riscv64-glibc": ["@dprint/linux-riscv64-glibc@0.52.0", "", { "os": "linux", "cpu": "none" }, "sha512-uQb2VqSnznfZHhrAKLxpjXMc7/c3AYepllVUhcGCdrTVp1fb7inHEilT2wSXUjOipBbfPG33cZWRzAgc5/Effg=="],

    "@dprint/linux-x64-glibc": ["@dprint/linux-x64-glibc@0.52.0", "", { "os": "linux", "cpu": "x64" }, "sha512-Yh3fZYUcHmII+swTUh0qgf0lEPrz4+7v3tq+vqXR8/xa3Sx8QH5MQJsJDw8Ll1mmKX5HrkBNxA5rC1lIDuFn9g=="],

    "@dprint/linux-x64-musl": ["@dprint/linux-x64-musl@0.52.0", "", { "os": "linux", "cpu": "x64" }, "sha512-zdcgL6+PRjyZ4HVll9DuIn2ZnnxKuU0cwXtpfUZNdy+xRh1+OedUY5aZQRDN4163vkLxV9znXQT/TS0+giph1g=="],

    "@dprint/win32-arm64": ["@dprint/win32-arm64@0.52.0", "", { "os": "win32", "cpu": "arm64" }, "sha512-rQGhSbl2pcnU4Tl3xXJSPRi1smfIIf7XhVwzNOG7vcSExfcK8yYrrCS3z4VImYKqhI1kvv6gSfnIligtoyaX/g=="],

    "@dprint/win32-x64": ["@dprint/win32-x64@0.52.0", "", { "os": "win32", "cpu": "x64" }, "sha512-Bi4kW6z9eVtRdNSztSvjjYET4SQzX/OYqsexVyppxv24m5RNOG1h+c9F5MFJpYy9LqQBAKHOQfkzQwPrdgNOXQ=="],

    "@types/bun": ["@types/bun@1.3.10", "", { "dependencies": { "bun-types": "1.3.10" } }, "sha512-0+rlrUrOrTSskibryHbvQkDOWRJwJZqZlxrUs1u4oOoTln8+WIXBPmAuCF35SWB2z4Zl3E84Nl/D0P7803nigQ=="],

    "@types/node": ["@types/node@25.4.0", "", { "dependencies": { "undici-types": "~7.18.0" } }, "sha512-9wLpoeWuBlcbBpOY3XmzSTG3oscB6xjBEEtn+pYXTfhyXhIxC5FsBer2KTopBlvKEiW9l13po9fq+SJY/5lkhw=="],

    "ajv": ["ajv@8.18.0", "", { "dependencies": { "fast-deep-equal": "^3.1.3", "fast-uri": "^3.0.1", "json-schema-traverse": "^1.0.0", "require-from-string": "^2.0.2" } }, "sha512-PlXPeEWMXMZ7sPYOHqmDyCJzcfNrUr3fGNKtezX14ykXOEIvyK81d+qydx89KY5O71FKMPaQ2vBfBFI5NHR63A=="],

    "base64-js": ["base64-js@1.5.1", "", {}, "sha512-AKpaYlHn8t4SVbOHCy+b5+KKgvR4vrsD8vbvrbiQJps7fKDTkjkDry6ji0rUJjC0kzbNePLwzxq8iypo41qeWA=="],

    "bun-types": ["bun-types@1.3.10", "", { "dependencies": { "@types/node": "*" } }, "sha512-tcpfCCl6XWo6nCVnpcVrxQ+9AYN1iqMIzgrSKYMB/fjLtV2eyAVEg7AxQJuCq/26R6HpKWykQXuSOq/21RYcbg=="],

    "citty": ["citty@0.2.1", "", {}, "sha512-kEV95lFBhQgtogAPlQfJJ0WGVSokvLr/UEoFPiKKOXF7pl98HfUVUD0ejsuTCld/9xH9vogSywZ5KqHzXrZpqg=="],

    "dprint": ["dprint@0.52.0", "", { "optionalDependencies": { "@dprint/darwin-arm64": "0.52.0", "@dprint/darwin-x64": "0.52.0", "@dprint/linux-arm64-glibc": "0.52.0", "@dprint/linux-arm64-musl": "0.52.0", "@dprint/linux-loong64-glibc": "0.52.0", "@dprint/linux-loong64-musl": "0.52.0", "@dprint/linux-riscv64-glibc": "0.52.0", "@dprint/linux-x64-glibc": "0.52.0", "@dprint/linux-x64-musl": "0.52.0", "@dprint/win32-arm64": "0.52.0", "@dprint/win32-x64": "0.52.0" }, "bin": { "dprint": "bin.js" } }, "sha512-qXf3B6/G4E6SJKngfo7a0z1ja21o/JJ55cF8xyhyIqvJGrpJ96vhXLr37RrbWBWIj8eV+hquBkCAV6jCwenQYA=="],

    "fast-deep-equal": ["fast-deep-equal@3.1.3", "", {}, "sha512-f3qQ9oQy9j2AhBe/H9VC91wLmKBCCU/gDOnKNAYG5hswO7BLKj09Hc5HYNz9cGI++xlpDCIgDaitVs03ATR84Q=="],

    "fast-uri": ["fast-uri@3.1.0", "", {}, "sha512-iPeeDKJSWf4IEOasVVrknXpaBV0IApz/gp7S2bb7Z4Lljbl2MGJRqInZiUrQwV16cpzw/D3S5j5Julj/gT52AA=="],

    "js-tiktoken": ["js-tiktoken@1.0.21", "", { "dependencies": { "base64-js": "^1.5.1" } }, "sha512-biOj/6M5qdgx5TKjDnFT1ymSpM5tbd3ylwDtrQvFQSu0Z7bBYko2dF+W/aUkXUPuk6IVpRxk/3Q2sHOzGlS36g=="],

    "json-schema-to-ts": ["json-schema-to-ts@3.1.1", "", { "dependencies": { "@babel/runtime": "^7.18.3", "ts-algebra": "^2.0.0" } }, "sha512-+DWg8jCJG2TEnpy7kOm/7/AxaYoaRbjVB4LFZLySZlWn8exGs3A4OLJR966cVvU26N7X9TWxl+Jsw7dzAqKT6g=="],

    "json-schema-traverse": ["json-schema-traverse@1.0.0", "", {}, "sha512-NM8/P9n3XjXhIZn1lLhkFaACTOURQXjWhV4BA/RnOv8xvgqtqpAX9IO4mRQxSx1Rlo4tqzeqb0sOlruaOy3dug=="],

    "require-from-string": ["require-from-string@2.0.2", "", {}, "sha512-Xf0nWe6RseziFMu+Ap9biiUbmplq6S9/p+7w7YXP/JBHhrUDDUhwa+vANyubuqfZWTveU//DYVGsDG7RKL/vEw=="],

    "ts-algebra": ["ts-algebra@2.0.0", "", {}, "sha512-FPAhNPFMrkwz76P7cdjdmiShwMynZYN6SgOujD1urY4oNm80Ou9oMdmbR45LotcKOXoy7wSmHkRFE6Mxbrhefw=="],

    "typescript": ["typescript@5.9.3", "", { "bin": { "tsc": "bin/tsc", "tsserver": "bin/tsserver" } }, "sha512-jl1vZzPDinLr9eUt3J/t7V6FgNEw9QjvBPdysz9KfQDD41fQrC2Y4vKQdiaUpFT4bXlb1RHhLpp8wtm6M5TgSw=="],

    "undici-types": ["undici-types@7.18.2", "", {}, "sha512-AsuCzffGHJybSaRrmr5eHr81mwJU3kjw6M+uprWvCXiNeN9SOGwQ3Jn8jb8m3Z6izVgknn1R0FTCEAP2QrLY/w=="],

    "zod": ["zod@4.3.6", "", {}, "sha512-rftlrkhHZOcjDwkGlnUtZZkvaPHCsDATp4pGpuOOMDaTdDDXF91wuVDJoWoPsKX/3YPQ5fHuF3STjcYyKr+Qhg=="],
  }
}
